
Microsoft Visual Studio Solution File, Format Version 12.00
# Visual Studio 15
VisualStudioVersion = 15.0.28307.902
MinimumVisualStudioVersion = 10.0.40219.1
Project("{FAE04EC0-301F-11D3-BF4B-00C04F79EFBC}") = "FirstCoreAPI", "FirstCoreAPI\FirstCoreAPI.csproj", "{AF6D9632-EEB2-4611-A7F1-5AD41384BCC3}"
EndProject
Global
	GlobalSection(SolutionConfigurationPlatforms) = preSolution
		Debug|Any CPU = Debug|Any CPU
		Release|Any CPU = Release|Any CPU
	EndGlobalSection
	GlobalSection(ProjectConfigurationPlatforms) = postSolution
		{AF6D9632-EEB2-4611-A7F1-5AD41384BCC3}.Debug|Any CPU.ActiveCfg = Debug|Any CPU
		{AF6D9632-EEB2-4611-A7F1-5AD41384BCC3}.Debug|Any CPU.Build.0 = Debug|Any CPU
		{AF6D9632-EEB2-4611-A7F1-5AD41384BCC3}.Release|Any CPU.ActiveCfg = Release|Any CPU
		{AF6D9632-EEB2-4611-A7F1-5AD41384BCC3}.Release|Any CPU.Build.0 = Release|Any CPU
	EndGlobalSection
	GlobalSection(SolutionProperties) = preSolution
		HideSolutionNode = FALSE
	EndGlobalSection
	GlobalSection(ExtensibilityGlobals) = postSolution
		SolutionGuid = {EB7006BA-FA50-4E3B-A6A4-D47F37578CBF}
	EndGlobalSection
EndGlobal
